
Microsoft Visual Studio Solution File, Format Version 12.00
Project("{FAE04EC0-301F-11D3-BF4B-00C04F79EFBC}") = "rabbitmq-rpc-direct-reply-to", "rabbitmq-rpc-direct-reply-to.csproj", "{603254EC-A142-4333-8B04-10CC18ECE1D4}"
EndProject
Global
	GlobalSection(SolutionConfigurationPlatforms) = preSolution
		Debug|Any CPU = Debug|Any CPU
		Release|Any CPU = Release|Any CPU
	EndGlobalSection
	GlobalSection(ProjectConfigurationPlatforms) = postSolution
		{603254EC-A142-4333-8B04-10CC18ECE1D4}.Debug|Any CPU.ActiveCfg = Debug|Any CPU
		{603254EC-A142-4333-8B04-10CC18ECE1D4}.Debug|Any CPU.Build.0 = Debug|Any CPU
		{603254EC-A142-4333-8B04-10CC18ECE1D4}.Release|Any CPU.ActiveCfg = Release|Any CPU
		{603254EC-A142-4333-8B04-10CC18ECE1D4}.Release|Any CPU.Build.0 = Release|Any CPU
	EndGlobalSection
EndGlobal
